
Microsoft Visual Studio Solution File, Format Version 12.00
# Visual Studio Version 17
VisualStudioVersion = 17.2.32516.85
MinimumVisualStudioVersion = 10.0.40219.1
Project("{FAE04EC0-301F-11D3-BF4B-00C04F79EFBC}") = "JokeApplication", "JokeApplication\JokeApplication.csproj", "{7521256B-4441-43FC-AA37-099B0B996736}"
EndProject
Global
	GlobalSection(SolutionConfigurationPlatforms) = preSolution
		Debug|Any CPU = Debug|Any CPU
		Release|Any CPU = Release|Any CPU
	EndGlobalSection
	GlobalSection(ProjectConfigurationPlatforms) = postSolution
		{7521256B-4441-43FC-AA37-099B0B996736}.Debug|Any CPU.ActiveCfg = Debug|Any CPU
		{7521256B-4441-43FC-AA37-099B0B996736}.Debug|Any CPU.Build.0 = Debug|Any CPU
		{7521256B-4441-43FC-AA37-099B0B996736}.Release|Any CPU.ActiveCfg = Release|Any CPU
		{7521256B-4441-43FC-AA37-099B0B996736}.Release|Any CPU.Build.0 = Release|Any CPU
	EndGlobalSection
	GlobalSection(SolutionProperties) = preSolution
		HideSolutionNode = FALSE
	EndGlobalSection
	GlobalSection(ExtensibilityGlobals) = postSolution
		SolutionGuid = {BD115122-AD06-4FE7-99AC-684F5A98D8AE}
	EndGlobalSection
EndGlobal
